// !$*UTF8*$!
{
	archiveVersion = 1;
	classes = {
	};
	objectVersion = 46;
	objects = {

/* Begin PBXBuildFile section */
		912BA5F41E7BAB470001682C /* main.m in Sources */ = {isa = PBXBuildFile; fileRef = 912BA5F31E7BAB470001682C /* main.m */; };
		912BA5F71E7BAB470001682C /* AppDelegate.m in Sources */ = {isa = PBXBuildFile; fileRef = 912BA5F61E7BAB470001682C /* AppDelegate.m */; };
		912BA5FA1E7BAB470001682C /* ViewController.m in Sources */ = {isa = PBXBuildFile; fileRef = 912BA5F91E7BAB470001682C /* ViewController.m */; };
		912BA5FD1E7BAB470001682C /* Main.storyboard in Resources */ = {isa = PBXBuildFile; fileRef = 912BA5FB1E7BAB470001682C /* Main.storyboard */; };
		912BA5FF1E7BAB470001682C /* Assets.xcassets in Resources */ = {isa = PBXBuildFile; fileRef = 912BA5FE1E7BAB470001682C /* Assets.xcassets */; };
		912BA6021E7BAB470001682C /* LaunchScreen.storyboard in Resources */ = {isa = PBXBuildFile; fileRef = 912BA6001E7BAB470001682C /* LaunchScreen.storyboard */; };
		912BA60C1E7BAC840001682C /* HTTPService.m in Sources */ = {isa = PBXBuildFile; fileRef = 912BA60B1E7BAC840001682C /* HTTPService.m */; };
		914AFF7C1E7C6B660003C59D /* VideoCell.m in Sources */ = {isa = PBXBuildFile; fileRef = 914AFF7B1E7C6B660003C59D /* VideoCell.m */; };
		914AFF811E7C72DF0003C59D /* Video.m in Sources */ = {isa = PBXBuildFile; fileRef = 914AFF801E7C72DF0003C59D /* Video.m */; };
		914AFF841E7C949A0003C59D /* VideoVC.m in Sources */ = {isa = PBXBuildFile; fileRef = 914AFF831E7C949A0003C59D /* VideoVC.m */; };
/* End PBXBuildFile section */

/* Begin PBXFileReference section */
		912BA5EF1E7BAB470001682C /* DevslopesTutorials.app */ = {isa = PBXFileReference; explicitFileType = wrapper.application; includeInIndex = 0; path = DevslopesTutorials.app; sourceTree = BUILT_PRODUCTS_DIR; };
		912BA5F31E7BAB470001682C /* main.m */ = {isa = PBXFileReference; lastKnownFileType = sourcecode.c.objc; path = main.m; sourceTree = "<group>"; };
		912BA5F51E7BAB470001682C /* AppDelegate.h */ = {isa = PBXFileReference; lastKnownFileType = sourcecode.c.h; path = AppDelegate.h; sourceTree = "<group>"; };
		912BA5F61E7BAB470001682C /* AppDelegate.m */ = {isa = PBXFileReference; lastKnownFileType = sourcecode.c.objc; path = AppDelegate.m; sourceTree = "<group>"; };
		912BA5F81E7BAB470001682C /* ViewController.h */ = {isa = PBXFileReference; lastKnownFileType = sourcecode.c.h; path = ViewController.h; sourceTree = "<group>"; };
		912BA5F91E7BAB470001682C /* ViewController.m */ = {isa = PBXFileReference; lastKnownFileType = sourcecode.c.objc; path = ViewController.m; sourceTree = "<group>"; };
		912BA5FC1E7BAB470001682C /* Base */ = {isa = PBXFileReference; lastKnownFileType = file.storyboard; name = Base; path = Base.lproj/Main.storyboard; sourceTree = "<group>"; };
		912BA5FE1E7BAB470001682C /* Assets.xcassets */ = {isa = PBXFileReference; lastKnownFileType = folder.assetcatalog; path = Assets.xcassets; sourceTree = "<group>"; };
		912BA6011E7BAB470001682C /* Base */ = {isa = PBXFileReference; lastKnownFileType = file.storyboard; name = Base; path = Base.lproj/LaunchScreen.storyboard; sourceTree = "<group>"; };
		912BA6031E7BAB470001682C /* Info.plist */ = {isa = PBXFileReference; lastKnownFileType = text.plist.xml; path = Info.plist; sourceTree = "<group>"; };
		912BA60A1E7BAC840001682C /* HTTPService.h */ = {isa = PBXFileReference; fileEncoding = 4; lastKnownFileType = sourcecode.c.h; path = HTTPService.h; sourceTree = "<group>"; };
		912BA60B1E7BAC840001682C /* HTTPService.m */ = {isa = PBXFileReference; fileEncoding = 4; lastKnownFileType = sourcecode.c.objc; path = HTTPService.m; sourceTree = "<group>"; };
		914AFF7A1E7C6B660003C59D /* VideoCell.h */ = {isa = PBXFileReference; fileEncoding = 4; lastKnownFileType = sourcecode.c.h; path = VideoCell.h; sourceTree = "<group>"; };
		914AFF7B1E7C6B660003C59D /* VideoCell.m */ = {isa = PBXFileReference; fileEncoding = 4; lastKnownFileType = sourcecode.c.objc; path = VideoCell.m; sourceTree = "<group>"; };
		914AFF7F1E7C72DF0003C59D /* Video.h */ = {isa = PBXFileReference; fileEncoding = 4; lastKnownFileType = sourcecode.c.h; path = Video.h; sourceTree = "<group>"; };
		914AFF801E7C72DF0003C59D /* Video.m */ = {isa = PBXFileReference; fileEncoding = 4; lastKnownFileType = sourcecode.c.objc; path = Video.m; sourceTree = "<group>"; };
		914AFF821E7C949A0003C59D /* VideoVC.h */ = {isa = PBXFileReference; fileEncoding = 4; lastKnownFileType = sourcecode.c.h; path = VideoVC.h; sourceTree = "<group>"; };
		914AFF831E7C949A0003C59D /* VideoVC.m */ = {isa = PBXFileReference; fileEncoding = 4; lastKnownFileType = sourcecode.c.objc; path = VideoVC.m; sourceTree = "<group>"; };
/* End PBXFileReference section */

/* Begin PBXFrameworksBuildPhase section */
		912BA5EC1E7BAB470001682C /* Frameworks */ = {
			isa = PBXFrameworksBuildPhase;
			buildActionMask = 2147483647;
			files = (
			);
			runOnlyForDeploymentPostprocessing = 0;
		};
/* End PBXFrameworksBuildPhase section */

/* Begin PBXGroup section */
		912BA5E61E7BAB470001682C = {
			isa = PBXGroup;
			children = (
				912BA5F11E7BAB470001682C /* DevslopesTutorials */,
				912BA5F01E7BAB470001682C /* Products */,
			);
			sourceTree = "<group>";
		};
		912BA5F01E7BAB470001682C /* Products */ = {
			isa = PBXGroup;
			children = (
				912BA5EF1E7BAB470001682C /* DevslopesTutorials.app */,
			);
			name = Products;
			sourceTree = "<group>";
		};
		912BA5F11E7BAB470001682C /* DevslopesTutorials */ = {
			isa = PBXGroup;
			children = (
				914AFF7E1E7C72D00003C59D /* Controller */,
				914AFF7D1E7C72CB0003C59D /* Model */,
				914AFF791E7C6ABF0003C59D /* View */,
				912BA6091E7BAC3D0001682C /* Services */,
				912BA5F51E7BAB470001682C /* AppDelegate.h */,
				912BA5F61E7BAB470001682C /* AppDelegate.m */,
				912BA5FB1E7BAB470001682C /* Main.storyboard */,
				912BA5FE1E7BAB470001682C /* Assets.xcassets */,
				912BA6001E7BAB470001682C /* LaunchScreen.storyboard */,
				912BA6031E7BAB470001682C /* Info.plist */,
				912BA5F21E7BAB470001682C /* Supporting Files */,
			);
			path = DevslopesTutorials;
			sourceTree = "<group>";
		};
		912BA5F21E7BAB470001682C /* Supporting Files */ = {
			isa = PBXGroup;
			children = (
				912BA5F31E7BAB470001682C /* main.m */,
			);
			name = "Supporting Files";
			sourceTree = "<group>";
		};
		912BA6091E7BAC3D0001682C /* Services */ = {
			isa = PBXGroup;
			children = (
				912BA60A1E7BAC840001682C /* HTTPService.h */,
				912BA60B1E7BAC840001682C /* HTTPService.m */,
			);
			name = Services;
			sourceTree = "<group>";
		};
		914AFF791E7C6ABF0003C59D /* View */ = {
			isa = PBXGroup;
			children = (
				914AFF7A1E7C6B660003C59D /* VideoCell.h */,
				914AFF7B1E7C6B660003C59D /* VideoCell.m */,
			);
			name = View;
			sourceTree = "<group>";
		};
		914AFF7D1E7C72CB0003C59D /* Model */ = {
			isa = PBXGroup;
			children = (
				914AFF7F1E7C72DF0003C59D /* Video.h */,
				914AFF801E7C72DF0003C59D /* Video.m */,
			);
			name = Model;
			sourceTree = "<group>";
		};
		914AFF7E1E7C72D00003C59D /* Controller */ = {
			isa = PBXGroup;
			children = (
				914AFF821E7C949A0003C59D /* VideoVC.h */,
				914AFF831E7C949A0003C59D /* VideoVC.m */,
				912BA5F81E7BAB470001682C /* ViewController.h */,
				912BA5F91E7BAB470001682C /* ViewController.m */,
			);
			name = Controller;
			sourceTree = "<group>";
		};
/* End PBXGroup section */

/* Begin PBXNativeTarget section */
		912BA5EE1E7BAB470001682C /* DevslopesTutorials */ = {
			isa = PBXNativeTarget;
			buildConfigurationList = 912BA6061E7BAB470001682C /* Build configuration list for PBXNativeTarget "DevslopesTutorials" */;
			buildPhases = (
				912BA5EB1E7BAB470001682C /* Sources */,
				912BA5EC1E7BAB470001682C /* Frameworks */,
				912BA5ED1E7BAB470001682C /* Resources */,
			);
			buildRules = (
			);
			dependencies = (
			);
			name = DevslopesTutorials;
			productName = DevslopesTutorials;
			productReference = 912BA5EF1E7BAB470001682C /* DevslopesTutorials.app */;
			productType = "com.apple.product-type.application";
		};
/* End PBXNativeTarget section */

/* Begin PBXProject section */
		912BA5E71E7BAB470001682C /* Project object */ = {
			isa = PBXProject;
			attributes = {
				LastUpgradeCheck = 0820;
				ORGANIZATIONNAME = SeanPerez;
				TargetAttributes = {
					912BA5EE1E7BAB470001682C = {
						CreatedOnToolsVersion = 8.2.1;
						DevelopmentTeam = PW5CGBBSUC;
						ProvisioningStyle = Automatic;
					};
				};
			};
			buildConfigurationList = 912BA5EA1E7BAB470001682C /* Build configuration list for PBXProject "DevslopesTutorials" */;
			compatibilityVersion = "Xcode 3.2";
			developmentRegion = English;
			hasScannedForEncodings = 0;
			knownRegions = (
				en,
				Base,
			);
			mainGroup = 912BA5E61E7BAB470001682C;
			productRefGroup = 912BA5F01E7BAB470001682C /* Products */;
			projectDirPath = "";
			projectRoot = "";
			targets = (
				912BA5EE1E7BAB470001682C /* DevslopesTutorials */,
			);
		};
/* End PBXProject section */

/* Begin PBXResourcesBuildPhase section */
		912BA5ED1E7BAB470001682C /* Resources */ = {
			isa = PBXResourcesBuildPhase;
			buildActionMask = 2147483647;
			files = (
				912BA6021E7BAB470001682C /* LaunchScreen.storyboard in Resources */,
				912BA5FF1E7BAB470001682C /* Assets.xcassets in Resources */,
				912BA5FD1E7BAB470001682C /* Main.storyboard in Resources */,
			);
			runOnlyForDeploymentPostprocessing = 0;
		};
/* End PBXResourcesBuildPhase section */

/* Begin PBXSourcesBuildPhase section */
		912BA5EB1E7BAB470001682C /* Sources */ = {
			isa = PBXSourcesBuildPhase;
			buildActionMask = 2147483647;
			files = (
				912BA5FA1E7BAB470001682C /* ViewController.m in Sources */,
				914AFF7C1E7C6B660003C59D /* VideoCell.m in Sources */,
				912BA60C1E7BAC840001682C /* HTTPService.m in Sources */,
				914AFF811E7C72DF0003C59D /* Video.m in Sources */,
				914AFF841E7C949A0003C59D /* VideoVC.m in Sources */,
				912BA5F71E7BAB470001682C /* AppDelegate.m in Sources */,
				912BA5F41E7BAB470001682C /* main.m in Sources */,
			);
			runOnlyForDeploymentPostprocessing = 0;
		};
/* End PBXSourcesBuildPhase section */

/* Begin PBXVariantGroup section */
		912BA5FB1E7BAB470001682C /* Main.storyboard */ = {
			isa = PBXVariantGroup;
			children = (
				912BA5FC1E7BAB470001682C /* Base */,
			);
			name = Main.storyboard;
			sourceTree = "<group>";
		};
		912BA6001E7BAB470001682C /* LaunchScreen.storyboard */ = {
			isa = PBXVariantGroup;
			children = (
				912BA6011E7BAB470001682C /* Base */,
			);
			name = LaunchScreen.storyboard;
			sourceTree = "<group>";
		};
/* End PBXVariantGroup section */

/* Begin XCBuildConfiguration section */
		912BA6041E7BAB470001682C /* Debug */ = {
			isa = XCBuildConfiguration;
			buildSettings = {
				ALWAYS_SEARCH_USER_PATHS = NO;
				CLANG_ANALYZER_NONNULL = YES;
				CLANG_CXX_LANGUAGE_STANDARD = "gnu++0x";
				CLANG_CXX_LIBRARY = "libc++";
				CLANG_ENABLE_MODULES = YES;
				CLANG_ENABLE_OBJC_ARC = YES;
				CLANG_WARN_BOOL_CONVERSION = YES;
				CLANG_WARN_CONSTANT_CONVERSION = YES;
				CLANG_WARN_DIRECT_OBJC_ISA_USAGE = YES_ERROR;
				CLANG_WARN_DOCUMENTATION_COMMENTS = YES;
				CLANG_WARN_EMPTY_BODY = YES;
				CLANG_WARN_ENUM_CONVERSION = YES;
				CLANG_WARN_INFINITE_RECURSION = YES;
				CLANG_WARN_INT_CONVERSION = YES;
				CLANG_WARN_OBJC_ROOT_CLASS = YES_ERROR;
				CLANG_WARN_SUSPICIOUS_MOVE = YES;
				CLANG_WARN_UNREACHABLE_CODE = YES;
				CLANG_WARN__DUPLICATE_METHOD_MATCH = YES;
				"CODE_SIGN_IDENTITY[sdk=iphoneos*]" = "iPhone Developer";
				COPY_PHASE_STRIP = NO;
				DEBUG_INFORMATION_FORMAT = dwarf;
				ENABLE_STRICT_OBJC_MSGSEND = YES;
				ENABLE_TESTABILITY = YES;
				GCC_C_LANGUAGE_STANDARD = gnu99;
				GCC_DYNAMIC_NO_PIC = NO;
				GCC_NO_COMMON_BLOCKS = YES;
				GCC_OPTIMIZATION_LEVEL = 0;
				GCC_PREPROCESSOR_DEFINITIONS = (
					"DEBUG=1",
					"$(inherited)",
				);
				GCC_WARN_64_TO_32_BIT_CONVERSION = YES;
				GCC_WARN_ABOUT_RETURN_TYPE = YES_ERROR;
				GCC_WARN_UNDECLARED_SELECTOR = YES;
				GCC_WARN_UNINITIALIZED_AUTOS = YES_AGGRESSIVE;
				GCC_WARN_UNUSED_FUNCTION = YES;
				GCC_WARN_UNUSED_VARIABLE = YES;
				IPHONEOS_DEPLOYMENT_TARGET = 10.2;
				MTL_ENABLE_DEBUG_INFO = YES;
				ONLY_ACTIVE_ARCH = YES;
				SDKROOT = iphoneos;
				TARGETED_DEVICE_FAMILY = "1,2";
			};
			name = Debug;
		};
		912BA6051E7BAB470001682C /* Release */ = {
			isa = XCBuildConfiguration;
			buildSettings = {
				ALWAYS_SEARCH_USER_PATHS = NO;
				CLANG_ANALYZER_NONNULL = YES;
				CLANG_CXX_LANGUAGE_STANDARD = "gnu++0x";
				CLANG_CXX_LIBRARY = "libc++";
				CLANG_ENABLE_MODULES = YES;
				CLANG_ENABLE_OBJC_ARC = YES;
				CLANG_WARN_BOOL_CONVERSION = YES;
				CLANG_WARN_CONSTANT_CONVERSION = YES;
				CLANG_WARN_DIRECT_OBJC_ISA_USAGE = YES_ERROR;
				CLANG_WARN_DOCUMENTATION_COMMENTS = YES;
				CLANG_WARN_EMPTY_BODY = YES;
				CLANG_WARN_ENUM_CONVERSION = YES;
				CLANG_WARN_INFINITE_RECURSION = YES;
				CLANG_WARN_INT_CONVERSION = YES;
				CLANG_WARN_OBJC_ROOT_CLASS = YES_ERROR;
				CLANG_WARN_SUSPICIOUS_MOVE = YES;
				CLANG_WARN_UNREACHABLE_CODE = YES;
				CLANG_WARN__DUPLICATE_METHOD_MATCH = YES;
				"CODE_SIGN_IDENTITY[sdk=iphoneos*]" = "iPhone Developer";
				COPY_PHASE_STRIP = NO;
				DEBUG_INFORMATION_FORMAT = "dwarf-with-dsym";
				ENABLE_NS_ASSERTIONS = NO;
				ENABLE_STRICT_OBJC_MSGSEND = YES;
				GCC_C_LANGUAGE_STANDARD = gnu99;
				GCC_NO_COMMON_BLOCKS = YES;
				GCC_WARN_64_TO_32_BIT_CONVERSION = YES;
				GCC_WARN_ABOUT_RETURN_TYPE = YES_ERROR;
				GCC_WARN_UNDECLARED_SELECTOR = YES;
				GCC_WARN_UNINITIALIZED_AUTOS = YES_AGGRESSIVE;
				GCC_WARN_UNUSED_FUNCTION = YES;
				GCC_WARN_UNUSED_VARIABLE = YES;
				IPHONEOS_DEPLOYMENT_TARGET = 10.2;
				MTL_ENABLE_DEBUG_INFO = NO;
				SDKROOT = iphoneos;
				TARGETED_DEVICE_FAMILY = "1,2";
				VALIDATE_PRODUCT = YES;
			};
			name = Release;
		};
		912BA6071E7BAB470001682C /* Debug */ = {
			isa = XCBuildConfiguration;
			buildSettings = {
				ASSETCATALOG_COMPILER_APPICON_NAME = AppIcon;
				DEVELOPMENT_TEAM = PW5CGBBSUC;
				INFOPLIST_FILE = DevslopesTutorials/Info.plist;
				LD_RUNPATH_SEARCH_PATHS = "$(inherited) @executable_path/Frameworks";
				PRODUCT_BUNDLE_IDENTIFIER = com.SeanPerez.DevslopesTutorials;
				PRODUCT_NAME = "$(TARGET_NAME)";
			};
			name = Debug;
		};
		912BA6081E7BAB470001682C /* Release */ = {
			isa = XCBuildConfiguration;
			buildSettings = {
				ASSETCATALOG_COMPILER_APPICON_NAME = AppIcon;
				DEVELOPMENT_TEAM = PW5CGBBSUC;
				INFOPLIST_FILE = DevslopesTutorials/Info.plist;
				LD_RUNPATH_SEARCH_PATHS = "$(inherited) @executable_path/Frameworks";
				PRODUCT_BUNDLE_IDENTIFIER = com.SeanPerez.DevslopesTutorials;
				PRODUCT_NAME = "$(TARGET_NAME)";
			};
			name = Release;
		};
/* End XCBuildConfiguration section */

/* Begin XCConfigurationList section */
		912BA5EA1E7BAB470001682C /* Build configuration list for PBXProject "DevslopesTutorials" */ = {
			isa = XCConfigurationList;
			buildConfigurations = (
				912BA6041E7BAB470001682C /* Debug */,
				912BA6051E7BAB470001682C /* Release */,
			);
			defaultConfigurationIsVisible = 0;
			defaultConfigurationName = Release;
		};
		912BA6061E7BAB470001682C /* Build configuration list for PBXNativeTarget "DevslopesTutorials" */ = {
			isa = XCConfigurationList;
			buildConfigurations = (
				912BA6071E7BAB470001682C /* Debug */,
				912BA6081E7BAB470001682C /* Release */,
			);
			defaultConfigurationIsVisible = 0;
			defaultConfigurationName = Release;
		};
/* End XCConfigurationList section */
	};
	rootObject = 912BA5E71E7BAB470001682C /* Project object */;
}
